{
  "version": 1,
  "dependencies": {
    ".NETFramework,Version=v4.6.2": {
      "AForge.Imaging": {
        "type": "Direct",
        "requested": "[2.2.5, )",
        "resolved": "2.2.5",
        "contentHash": "n8l7Zdsm89EFW9Uz4uCO3D428Gu4Q56YxixSMJPruen1c30R8R9Mm8AreTdoOi2XjN5id04JwFFlXYTk8pIIfw==",
        "dependencies": {
          "AForge": "2.2.5",
          "AForge.Math": "2.2.5"
        }
      },
      "AForge.Math": {
        "type": "Direct",
        "requested": "[2.2.5, )",
        "resolved": "2.2.5",
        "contentHash": "pmT1WobVv13vMxwXhCu8sRunxjiUHyURWS0+dsW/aBPi06xiyYIdCLHI6jph9Axb4QoLIlb85eBI6zd2EAbGIg==",
        "dependencies": {
          "AForge": "2.2.5"
        }
      },
      "CommunityToolkit.Mvvm": {
        "type": "Direct",
        "requested": "[8.4.0, )",
        "resolved": "8.4.0",
        "contentHash": "tqVU8yc/ADO9oiTRyTnwhFN68hCwvkliMierptWOudIAvWY1mWCh5VFh+guwHJmpMwfg0J0rY+yyd5Oy7ty9Uw==",
        "dependencies": {
          "Microsoft.Bcl.AsyncInterfaces": "8.0.0",
          "System.ComponentModel.Annotations": "5.0.0",
          "System.Memory": "4.6.0",
          "System.Runtime.CompilerServices.Unsafe": "6.1.0"
        }
      },
      "Costura.Fody": {
        "type": "Direct",
        "requested": "[6.1.0, )",
        "resolved": "6.1.0",
        "contentHash": "11W5jOuFqZreNfzYK4MDMBgJlVGyOgcKxKvaxnrBByABXsLEjug5P288pdk8kFOv7dw9BQI0o00FvqfZY/o8Jg==",
        "dependencies": {
          "Fody": "6.9.3"
        }
      },
      "gong-wpf-dragdrop": {
        "type": "Direct",
        "requested": "[4.0.0, )",
        "resolved": "4.0.0",
        "contentHash": "nDj86v1XHhgmQR8PPo/uDDp/xdLDxcqZdvIwSxWAHQPiRX/GBXK13FYY0C2xQow9RSl6j5FKLk8xoYrdb52vqg=="
      },
      "H.NotifyIcon.Wpf": {
        "type": "Direct",
        "requested": "[2.4.1, )",
        "resolved": "2.4.1",
        "contentHash": "aDfDSHCCOWgQoIvAApiog/MhriXibacqANQm+b5GaRCgRg92u5J2QcoW2C+wIblgxhtGx3o32/DCKWRR5C/KLw==",
        "dependencies": {
          "H.NotifyIcon": "2.4.1",
          "System.ValueTuple": "4.5.0"
        }
      },
      "iNKORE.UI.WPF": {
        "type": "Direct",
        "requested": "[1.2.8, )",
        "resolved": "1.2.8",
        "contentHash": "7b+z25JFdhGAfyJqlVIF0vLbmgsRvqDZMvhGPTz20gzQigDPMqVUOoCCKB5824GtYsjFCYNilmaowb+4yWATkQ=="
      },
      "iNKORE.UI.WPF.Modern": {
        "type": "Direct",
        "requested": "[0.10.2.1, )",
        "resolved": "0.10.2.1",
        "contentHash": "nGwuuVul+TcLCTgPmaAZCc0fYFqUpCNZ8PiulVT3gZnsWt/AvxMZ0DSPpuyI/iRPc/NhFIg9lSIR7uaHWV0I/Q==",
        "dependencies": {
          "System.ValueTuple": "4.5.0",
          "iNKORE.UI.WPF": "1.2.8"
        }
      },
      "JerryShaw.WPFMediaKit": {
        "type": "Direct",
        "requested": "[1.0.1, )",
        "resolved": "1.0.1",
        "contentHash": "t4yTVIKP/dABO7lpflH6hDlI7B4C4MKcj3LI22yu5LKo+ppTkirUefnpdZK5l95LDsqmdn1jMovCHEN2bSrGDg==",
        "dependencies": {
          "JerryShaw.DirectShowLib": "1.0.1"
        }
      },
      "MdXaml": {
        "type": "Direct",
        "requested": "[1.27.0, )",
        "resolved": "1.27.0",
        "contentHash": "VWhqhCeKVkJe8vkPmXuGZlRX01WDrTugOLeUvJn18jH/8DrGGVBvtgIlJoELHD2f1DiEWqF3lxxjV55vnzE7Tg==",
        "dependencies": {
          "AvalonEdit": "6.3.0.90",
          "MdXaml.Plugins": "1.27.0"
        }
      },
      "MessagePack": {
        "type": "Direct",
        "requested": "[3.1.8, )",
        "resolved": "3.1.8",
        "contentHash": "Qk2q+9FVxnMSp+NQ9y3SLz3HqWe7Rg3KRMHhBX28FkKUoOeP9YIU86mA4pFOxDDjUIRA9e7Ssbxs/LwWUcAzPw==",
        "dependencies": {
          "MessagePack.Annotations": "3.1.8",
          "MessagePackAnalyzer": "3.1.8",
          "Microsoft.Bcl.AsyncInterfaces": "8.0.0",
          "Microsoft.NET.StringTools": "17.11.4",
          "System.Collections.Immutable": "8.0.0",
          "System.Memory": "4.5.5",
          "System.Reflection.Emit": "4.7.0",
          "System.Reflection.Emit.Lightweight": "4.7.0",
          "System.Runtime.CompilerServices.Unsafe": "6.0.0",
          "System.Threading.Tasks.Extensions": "4.5.4"
        }
      },
      "Microsoft.Extensions.DependencyInjection": {
        "type": "Direct",
        "requested": "[6.0.0, )",
        "resolved": "6.0.0",
        "contentHash": "k6PWQMuoBDGGHOQTtyois2u4AwyVcIwL2LaSLlTZQm2CYcJ1pxbt6jfAnpWmzENA/wfrYRI/X9DTLoUkE4AsLw==",
        "dependencies": {
          "Microsoft.Bcl.AsyncInterfaces": "6.0.0",
          "Microsoft.Extensions.DependencyInjection.Abstractions": "6.0.0",
          "System.Runtime.CompilerServices.Unsafe": "6.0.0",
          "System.Threading.Tasks.Extensions": "4.5.4"
        }
      },
      "Microsoft.International.Converters.PinYinConverter": {
        "type": "Direct",
        "requested": "[1.0.0, )",
        "resolved": "1.0.0",
        "contentHash": "hEs/VPwGFeVNLf2Wc6k2bMYF71zE6x+lW4MfebRAjkVbAbaa4DbEmdFRfSBymvGLtdsCUvXo2aa/yFKYSCYmEQ=="
      },
      "Microsoft.NETFramework.ReferenceAssemblies": {
        "type": "Direct",
        "requested": "[1.0.3, )",
        "resolved": "1.0.3",
        "contentHash": "vUc9Npcs14QsyOD01tnv/m8sQUnGTGOw1BCmKcv77LBJY7OxhJ+zJF7UD/sCL3lYNFuqmQEVlkfS4Quif6FyYg==",
        "dependencies": {
          "Microsoft.NETFramework.ReferenceAssemblies.net462": "1.0.3"
        }
      },
      "Microsoft.Office.Interop.PowerPoint": {
        "type": "Direct",
        "requested": "[15.0.4420.1018, )",
        "resolved": "15.0.4420.1018",
        "contentHash": "3XkJAqbYq93MqqSOPusNE+6Tve5yBkbE92n9W8f+k8Z9AzXeoTMqMYqhZMrzVOp4saHhMMbOD78JkCjvk+qIzw=="
      },
      "Microsoft.Toolkit.Uwp.Notifications": {
        "type": "Direct",
        "requested": "[7.1.3, )",
        "resolved": "7.1.3",
        "contentHash": "A1dglAzb24gjehmb7DwGd07mfyZ1gacAK7ObE0KwDlRc3mayH2QW7cSOy3TkkyELjLg19OQBuhPOj4SpXET9lg==",
        "dependencies": {
          "Microsoft.NETFramework.ReferenceAssemblies": "1.0.0",
          "Microsoft.Windows.SDK.Contracts": "10.0.19041.1",
          "System.ValueTuple": "4.5.0"
        }
      },
      "Microsoft.VisualBasic": {
        "type": "Direct",
        "requested": "[10.3.0, )",
        "resolved": "10.3.0",
        "contentHash": "AvMDjmJHjz9bdlvxiSdEHHcWP+sZtp7zwule5ab6DaUbgoBnwCsd7nymj69vSz18ypXuEv3SI7ZUNwbIKrvtMA=="
      },
      "Microsoft.Windows.CsWin32": {
        "type": "Direct",
        "requested": "[0.3.298, )",
        "resolved": "0.3.298",
        "contentHash": "moz/CojV5HSeJYV9pNVE6mWMKnJGvPgdD31EhBLyUJ8Ui06PBrH9oPFK1ljXbJJMM4EzKnkE1a0AtBbH1BHDGA==",
        "dependencies": {
          "Microsoft.Windows.SDK.Win32Docs": "0.1.42-alpha",
          "Microsoft.Windows.SDK.Win32Metadata": "70.0.11-preview",
          "Microsoft.Windows.WDK.Win32Metadata": "0.13.25-experimental"
        }
      },
      "MicrosoftOfficeCore": {
        "type": "Direct",
        "requested": "[15.0.0, )",
        "resolved": "15.0.0",
        "contentHash": "/KgYw8uvv0Ut8FPvyEa1XJ/TrLSRgvTv3JgC2IT0/8NwoICzbEJWfmfwsE6Dwi8WH0jVkTEO7zRvGvaKqUOhqQ=="
      },
      "Nerdbank.GitVersioning": {
        "type": "Direct",
        "requested": "[3.9.50, )",
        "resolved": "3.9.50",
        "contentHash": "HtOgGF6jZ+WYbXnCUCYPT8Y2d6mIJo9ozjK/FINTRsXdm4Zgv9GehUMa7EFoGQkqrMcDJNOIDwCmENnvXg4UbA=="
      },
      "Newtonsoft.Json": {
        "type": "Direct",
        "requested": "[13.0.4, )",
        "resolved": "13.0.4",
        "contentHash": "pdgNNMai3zv51W5aq268sujXUyx7SNdE2bj1wZcWjAQrKMFZV260lbqYop1d2GM67JI1huLRwxo9ZqnfF/lC6A=="
      },
      "NHotkey.Wpf": {
        "type": "Direct",
        "requested": "[4.0.0, )",
        "resolved": "4.0.0",
        "contentHash": "ocVcoBAON/V+gUGBbAmfto+EKi2N8KcpjSjbxJaPkEzNpm9TefM8eJNji5bzdL3UreSiBtlPQ59VC9/UWQ5JIw==",
        "dependencies": {
          "NHotkey": "4.0.0"
        }
      },
      "OpenCvSharp4.Extensions": {
        "type": "Direct",
        "requested": "[4.13.0.20260627, )",
        "resolved": "4.13.0.20260627",
        "contentHash": "X3dZv/bewNFAGneNYZHMMDEkf6M0HKQBrXIkQYs8nrKrWqJhOSZnyn4bW76CrzCVIDIjAKD27AaaKuQYmzkPOA==",
        "dependencies": {
          "OpenCvSharp4": "4.13.0.20260627",
          "System.Drawing.Common": "10.0.9"
        }
      },
      "OpenCvSharp4.Windows.Slim": {
        "type": "Direct",
        "requested": "[4.13.0.20260627, )",
        "resolved": "4.13.0.20260627",
        "contentHash": "9G/r2q27c2w7XqUGXGCRkVXoFbP26IVuP+2ZSuJEXbtNEJUkczwb/Av/TeBgslFuVBzxrDPesk/XsPkfJjLdEg==",
        "dependencies": {
          "OpenCvSharp4": "4.13.0.20260627",
          "OpenCvSharp4.runtime.win.slim": "4.13.0.20260627"
        }
      },
      "OSVersionExt": {
        "type": "Direct",
        "requested": "[4.1.0, )",
        "resolved": "4.1.0",
        "contentHash": "SenUSY0CRDAz8ncuyJadTKs+m7gbHj8hq6t+sHmNcgp50ibIqKWXf3xOLB2HjC55CoLo42Qy+IgUXfTNAlk13A==",
        "dependencies": {
          "Microsoft.Win32.Registry": "5.0.0"
        }
      },
      "PDFsharp": {
        "type": "Direct",
        "requested": "[6.2.4, )",
        "resolved": "6.2.4",
        "contentHash": "GhTr9F1uOYXHCIEOB5PXIgqn5a8WLsJL2m0eewTA0IvY1j6N4HGXHKKmEyB90/N6vrjmYamf41V9zbmdW2HY3g==",
        "dependencies": {
          "Microsoft.Extensions.Logging.Abstractions": "8.0.3",
          "System.Security.Cryptography.Pkcs": "8.0.1"
        }
      },
      "System.ComponentModel.Composition": {
        "type": "Direct",
        "requested": "[4.5.0, )",
        "resolved": "4.5.0",
        "contentHash": "+iB9FoZnfdqMEGq6np28X6YNSUrse16CakmIhV3h6PxEWt7jYxUN3Txs1D8MZhhf4QmyvK0F/EcIN0f4gGN0dA=="
      },
      "System.Composition.AttributedModel": {
        "type": "Direct",
        "requested": "[1.2.0, )",
        "resolved": "1.2.0",
        "contentHash": "IQ2bn1BR/Q7gapjnXR/HGh0BMtjYVU0t0uPZ3LXE4yfwjM7x/HcImJxwwhUtnL+YWU5/pTOhzZnqsjwKJpWaug=="
      },
      "System.Data.DataSetExtensions": {
        "type": "Direct",
        "requested": "[4.5.0, )",
        "resolved": "4.5.0",
        "contentHash": "221clPs1445HkTBZPL+K9sDBdJRB8UN8rgjO3ztB0CQ26z//fmJXtlsr6whGatscsKGBrhJl5bwJuKSA8mwFOw=="
      },
      "System.Management": {
        "type": "Direct",
        "requested": "[6.0.2, )",
        "resolved": "6.0.2",
        "contentHash": "s6c9x2Kghd+ncEDnT6ApYVOacDXr/Y57oSUSx6wjegMOfKxhtrXn3PdASPNU59y3kB9OJ1yb3l5k6uKr3bhqew==",
        "dependencies": {
          "System.CodeDom": "6.0.0"
        }
      },
      "System.Private.Uri": {
        "type": "Direct",
        "requested": "[4.3.2, )",
        "resolved": "4.3.2",
        "contentHash": "o1+7RJnu3Ik3PazR7Z7tJhjPdE000Eq2KGLLWhqJJKXj04wrS8lwb1OFtDF9jzXXADhUuZNJZlPc98uwwqmpFA==",
        "dependencies": {
          "Microsoft.NETCore.Platforms": "1.1.1",
          "Microsoft.NETCore.Targets": "1.1.3"
        }
      },
      "System.Runtime.InteropServices": {
        "type": "Direct",
        "requested": "[4.3.0, )",
        "resolved": "4.3.0",
        "contentHash": "uv1ynXqiMK8mp1GM3jDqPCFN66eJ5w5XNomaK2XD+TuCroNTLFGeZ+WCmBMcBDyTFKou3P6cR6J/QsaqDp7fGQ==",
        "dependencies": {
          "System.Runtime": "4.3.0"
        }
      },
      "Vortice.Direct2D1": {
        "type": "Direct",
        "requested": "[3.2.0, )",
        "resolved": "3.2.0",
        "contentHash": "WnB9X333LKA/HL0XMwn+VH91haU6KgR6JLX2RGGwb5JzSHiu5rwpDkEzbDR6JFwCzM4tT+hOCpch34ELWrXeYw=="
      },
      "Vortice.Direct3D11": {
        "type": "Direct",
        "requested": "[3.2.0, )",
        "resolved": "3.2.0",
        "contentHash": "BGeaLUXIty564H+QgynR5FH3su6UxKEY8RPVQtMxVVPj2f0PNryaFjVQ0JJJhaEkg6G2/7VF/8tizQZy/DkF9g=="
      },
      "Vortice.DirectComposition": {
        "type": "Direct",
        "requested": "[3.2.0, )",
        "resolved": "3.2.0",
        "contentHash": "9mba1b+jiyQyoHU1XCxxje2oHtarDQC5/LmZ74tn5oqSre5x7ZdALr96irZSx0RmzB75z+4DD3MXy5mbmFI4mw=="
      },
      "Vortice.DXGI": {
        "type": "Direct",
        "requested": "[3.2.0, )",
        "resolved": "3.2.0",
        "contentHash": "vx0z23UGxpLfYELK9P2HTalcoMd8etqmJzKfU2Ho88e+s4pAtQrUythotpYZ41zS/9cbOo25HhRAXljVmjPTuw=="
      },
      "WebDav.Client": {
        "type": "Direct",
        "requested": "[2.9.0, )",
        "resolved": "2.9.0",
        "contentHash": "GLhd1tQAJeuVO1sj3Wm/dkg0GEVWxk+XGl6rdegMSMHenZuOaWQw4PifWDsjNEC1dtV1/C8JJfK0qfdkM+VIgA=="
      },
      "AForge": {
        "type": "Transitive",
        "resolved": "2.2.5",
        "contentHash": "clkumhM9DggqIzEXAHgVLeWO4arG5YfoPr7J4jfjJx35AoeEIJSSm49J25bwp/9mXQYLwi7y1Wunc8qgYJsGxg=="
      },
      "AvalonEdit": {
        "type": "Transitive",
        "resolved": "6.3.0.90",
        "contentHash": "WVTb5MxwGqKdeasd3nG5udlV4t6OpvkFanziwI133K0/QJ5FvZmfzRQgpAjGTJhQfIA8GP7AzKQ3sTY9JOFk8Q=="
      },
      "Fody": {
        "type": "Transitive",
        "resolved": "6.9.3",
        "contentHash": "1CUGgFdyECDKgi5HaUBhdv6k+VG9Iy4OCforGfHyar3xQXAJypZkzymgKtWj/4SPd6nSG0Qi7NH71qHrDSZLaA=="
      },
      "H.GeneratedIcons.System.Drawing": {
        "type": "Transitive",
        "resolved": "2.4.1",
        "contentHash": "gjYhuwHQzISqKhcNYaRdDhzKCoqLZii+6TTHP0MQf4Q9+H6z4f4A5Xu/j8B8XpFPQ1grCMlQYREvNyNJT9Q/Bg=="
      },
      "H.NotifyIcon": {
        "type": "Transitive",
        "resolved": "2.4.1",
        "contentHash": "nNPgNzo5UHcWYpVLO3AsRlH8fKE9shBA7/WLpZrFZUFbzpKGcLnz15Kmg0pQ851aboAfm3YuHjYFsYQges/pyw==",
        "dependencies": {
          "H.GeneratedIcons.System.Drawing": "2.4.1",
          "System.Memory": "4.6.0",
          "System.Runtime.CompilerServices.Unsafe": "6.1.0"
        }
      },
      "JerryShaw.DirectShowLib": {
        "type": "Transitive",
        "resolved": "1.0.1",
        "contentHash": "NtMCJKHRnYtD2Z8T/ZMWd7AjqzOQvT2mjiJFplOls/dTjojO4gdkEDxRa+ewKhG/3bobQf9ZSTYWtK/gMF/NRg=="
      },
      "MdXaml.Plugins": {
        "type": "Transitive",
        "resolved": "1.27.0",
        "contentHash": "We7LtBdoukRg9mqTfa1f5n8z/GQPMKBRj3URk9DiMuqzIHkW1lTgK5njVPSScxsRt4YzW22423tSnLWNm2MJKg=="
      },
      "MessagePack.Annotations": {
        "type": "Transitive",
        "resolved": "3.1.8",
        "contentHash": "SitOtZ4tOlAZZPF7p52M7143F+Cuz7o/aU0MrtAXX0+ZkPXzDNroOFhzzE2ogMFThsoEW/E6akXVVcBFM9ZKaw=="
      },
      "MessagePackAnalyzer": {
        "type": "Transitive",
        "resolved": "3.1.8",
        "contentHash": "Vm4g0cR4YRKRchEOmMJ0uVFU6yxdg7cJa2KHv3SUAHEsdYKvMpHMF5A1hZfsix89ymD5cmuzRnw9a6dKMcvq+Q=="
      },
      "Microsoft.Bcl.AsyncInterfaces": {
        "type": "Transitive",
        "resolved": "8.0.0",
        "contentHash": "3WA9q9yVqJp222P3x1wYIGDAkpjAku0TMUaaQV22g6L67AI0LdOIrVS7Ht2vJfLHGSPVuqN94vIr15qn+HEkHw==",
        "dependencies": {
          "System.Threading.Tasks.Extensions": "4.5.4"
        }
      },
      "Microsoft.Extensions.DependencyInjection.Abstractions": {
        "type": "Transitive",
        "resolved": "8.0.2",
        "contentHash": "3iE7UF7MQkCv1cxzCahz+Y/guQbTqieyxyaWKhrRO91itI9cOKO76OHeQDahqG4MmW5umr3CcCvGmK92lWNlbg==",
        "dependencies": {
          "Microsoft.Bcl.AsyncInterfaces": "8.0.0",
          "System.Threading.Tasks.Extensions": "4.5.4"
        }
      },
      "Microsoft.Extensions.Logging.Abstractions": {
        "type": "Transitive",
        "resolved": "8.0.3",
        "contentHash": "dL0QGToTxggRLMYY4ZYX5AMwBb+byQBd/5dMiZE07Nv73o6I5Are3C7eQTh7K2+A4ct0PVISSr7TZANbiNb2yQ==",
        "dependencies": {
          "Microsoft.Extensions.DependencyInjection.Abstractions": "8.0.2",
          "System.Buffers": "4.5.1",
          "System.Memory": "4.5.5"
        }
      },
      "Microsoft.NET.StringTools": {
        "type": "Transitive",
        "resolved": "17.11.4",
        "contentHash": "mudqUHhNpeqIdJoUx2YDWZO/I9uEDYVowan89R6wsomfnUJQk6HteoQTlNjZDixhT2B4IXMkMtgZtoceIjLRmA=="
      },
      "Microsoft.NETCore.Platforms": {
        "type": "Transitive",
        "resolved": "1.1.1",
        "contentHash": "TMBuzAHpTenGbGgk0SMTwyEkyijY/Eae4ZGsFNYJvAr/LDn1ku3Etp3FPxChmDp5HHF3kzJuoaa08N0xjqAJfQ=="
      },
      "Microsoft.NETCore.Targets": {
        "type": "Transitive",
        "resolved": "1.1.3",
        "contentHash": "3Wrmi0kJDzClwAC+iBdUBpEKmEle8FQNsCs77fkiOIw/9oYA07bL1EZNX0kQ2OMN3xpwvl0vAtOCYY3ndDNlhQ=="
      },
      "Microsoft.NETFramework.ReferenceAssemblies.net462": {
        "type": "Transitive",
        "resolved": "1.0.3",
        "contentHash": "IzAV30z22ESCeQfxP29oVf4qEo8fBGXLXSU6oacv/9Iqe6PzgHDKCaWfwMBak7bSJQM0F5boXWoZS+kChztRIQ=="
      },
      "Microsoft.Win32.Registry": {
        "type": "Transitive",
        "resolved": "5.0.0",
        "contentHash": "dDoKi0PnDz31yAyETfRntsLArTlVAVzUzCIvvEDsDsucrl33Dl8pIJG06ePTJTI3tGpeyHS9Cq7Foc/s4EeKcg==",
        "dependencies": {
          "System.Security.AccessControl": "5.0.0",
          "System.Security.Principal.Windows": "5.0.0"
        }
      },
      "Microsoft.Windows.SDK.Contracts": {
        "type": "Transitive",
        "resolved": "10.0.19041.1",
        "contentHash": "sgDwuoyubbLFNJR/BINbvfSNRiglF91D+Q0uEAkU4ZTO5Hgbnu8+gA4TCc65S56e1kK7gvR1+H4kphkDTr+9bw==",
        "dependencies": {
          "System.Runtime.WindowsRuntime": "4.6.0",
          "System.Runtime.WindowsRuntime.UI.Xaml": "4.6.0"
        }
      },
      "Microsoft.Windows.SDK.Win32Docs": {
        "type": "Transitive",
        "resolved": "0.1.42-alpha",
        "contentHash": "Z/9po23gUA9aoukirh2ItMU2ZS9++Js9Gdds9fu5yuMojDrmArvY2y+tq9985tR3cxFxpZO1O35Wjfo0khj5HA=="
      },
      "Microsoft.Windows.SDK.Win32Metadata": {
        "type": "Transitive",
        "resolved": "70.0.11-preview",
        "contentHash": "i8Dv2KCKzH8MQAsgLeUa5zFGyQOoz+TlvnbkFUkjsUtqhj4oguVj9rDpVACs5fLayZbwItOSllf+bhwr+z2yeg=="
      },
      "Microsoft.Windows.WDK.Win32Metadata": {
        "type": "Transitive",
        "resolved": "0.13.25-experimental",
        "contentHash": "IM50tb/+UIwBr9FMr6ZKcZjCMW+Axo6NjGqKxgjUfyCY8dRnYUfrJEXxAaXoWtYP4X8EmASmC1Jtwh4XucseZg==",
        "dependencies": {
          "Microsoft.Windows.SDK.Win32Metadata": "63.0.31-preview"
        }
      },
      "NHotkey": {
        "type": "Transitive",
        "resolved": "4.0.0",
        "contentHash": "5HKzttVKWeKoDQKJd3+J7Dy1MW6gbNNYfftkVufe2ddFQD0kXjnT1IN3ZJBfF6QVEQmHpQSp+/PT7Jo2YyHFcw=="
      },
      "OpenCvSharp4": {
        "type": "Transitive",
        "resolved": "4.13.0.20260627",
        "contentHash": "nYk95jkyYY9f0sF5KqZ3OB1SWkmqsfV7eN0ROiQds/rxpSn0v1G0QIedMbwuqbdPhvQnOIG2DDmpkLnHEJMh8Q==",
        "dependencies": {
          "System.Memory": "4.6.3"
        }
      },
      "OpenCvSharp4.runtime.win.slim": {
        "type": "Transitive",
        "resolved": "4.13.0.20260627",
        "contentHash": "8A4slgE6f5uzX/HWn+AXRMisUOIAaLVfinj1yUTzq+c6b1qaPxPJ9jzW/fjLbZWe0dLjvfiyXcIdc4VK+2g4Dw=="
      },
      "System.Buffers": {
        "type": "Transitive",
        "resolved": "4.6.1",
        "contentHash": "N8GXpmiLMtljq7gwvyS+1QvKT/W2J8sNAvx+HVg4NGmsG/H+2k/y9QI23auLJRterrzCiDH+IWAw4V/GPwsMlw=="
      },
      "System.CodeDom": {
        "type": "Transitive",
        "resolved": "6.0.0",
        "contentHash": "CPc6tWO1LAer3IzfZufDBRL+UZQcj5uS207NHALQzP84Vp/z6wF0Aa0YZImOQY8iStY0A2zI/e3ihKNPfUm8XA=="
      },
      "System.Collections.Immutable": {
        "type": "Transitive",
        "resolved": "8.0.0",
        "contentHash": "AurL6Y5BA1WotzlEvVaIDpqzpIPvYnnldxru8oXJU2yFxFUy3+pNXjXd1ymO+RA0rq0+590Q8gaz2l3Sr7fmqg==",
        "dependencies": {
          "System.Memory": "4.5.5",
          "System.Runtime.CompilerServices.Unsafe": "6.0.0"
        }
      },
      "System.ComponentModel.Annotations": {
        "type": "Transitive",
        "resolved": "5.0.0",
        "contentHash": "dMkqfy2el8A8/I76n2Hi1oBFEbG1SfxD2l5nhwXV3XjlnOmwxJlQbYpJH4W51odnU9sARCSAgv7S3CyAFMkpYg=="
      },
      "System.Drawing.Common": {
        "type": "Transitive",
        "resolved": "10.0.9",
        "contentHash": "ShkEj8jOhklJgrN3SoaVbCcopvqyIgVXHso2/eibQBL7IZxzJjND77UYVlViHqpwPxyQeA67IOut4b41clBkQw=="
      },
      "System.Memory": {
        "type": "Transitive",
        "resolved": "4.6.3",
        "contentHash": "qdcDOgnFZY40+Q9876JUHnlHu7bosOHX8XISRoH94fwk6hgaeQGSgfZd8srWRZNt5bV9ZW2TljcegDNxsf+96A==",
        "dependencies": {
          "System.Buffers": "4.6.1",
          "System.Numerics.Vectors": "4.6.1",
          "System.Runtime.CompilerServices.Unsafe": "6.1.2"
        }
      },
      "System.Numerics.Vectors": {
        "type": "Transitive",
        "resolved": "4.6.1",
        "contentHash": "sQxefTnhagrhoq2ReR0D/6K0zJcr9Hrd6kikeXsA1I8kOCboTavcUC4r7TSfpKFeE163uMuxZcyfO1mGO3EN8Q=="
      },
      "System.Reflection.Emit": {
        "type": "Transitive",
        "resolved": "4.7.0",
        "contentHash": "VR4kk8XLKebQ4MZuKuIni/7oh+QGFmZW3qORd1GvBq/8026OpW501SzT/oypwiQl4TvT8ErnReh/NzY9u+C6wQ=="
      },
      "System.Reflection.Emit.Lightweight": {
        "type": "Transitive",
        "resolved": "4.7.0",
        "contentHash": "a4OLB4IITxAXJeV74MDx49Oq2+PsF6Sml54XAFv+2RyWwtDBcabzoxiiJRhdhx+gaohLh4hEGCLQyBozXoQPqA=="
      },
      "System.Runtime": {
        "type": "Transitive",
        "resolved": "4.3.0",
        "contentHash": "JufQi0vPQ0xGnAczR13AUFglDyVYt4Kqnz1AZaiKZ5+GICq0/1MH/mO/eAJHt/mHW1zjKBJd7kV26SrxddAhiw=="
      },
      "System.Runtime.CompilerServices.Unsafe": {
        "type": "Transitive",
        "resolved": "6.1.2",
        "contentHash": "2hBr6zdbIBTDE3EhK7NSVNdX58uTK6iHW/P/Axmm9sl1xoGSLqDvMtpecn226TNwHByFokYwJmt/aQQNlO5CRw=="
      },
      "System.Runtime.WindowsRuntime": {
        "type": "Transitive",
        "resolved": "4.6.0",
        "contentHash": "IWrs1TmbxP65ZZjIglNyvDkFNoV5q2Pofg5WO7I8RKQOpLdFprQSh3xesOoClBqR4JHr4nEB1Xk1MqLPW1jPuQ=="
      },
      "System.Runtime.WindowsRuntime.UI.Xaml": {
        "type": "Transitive",
        "resolved": "4.6.0",
        "contentHash": "r4tNw5v5kqRJ9HikWpcyNf3suGw7DjX93svj9iBjtdeLqL8jt9Z+7f+s4wrKZJr84u8IMsrIjt8K6jYvkRqMSg==",
        "dependencies": {
          "System.Runtime.WindowsRuntime": "4.6.0"
        }
      },
      "System.Security.AccessControl": {
        "type": "Transitive",
        "resolved": "5.0.0",
        "contentHash": "dagJ1mHZO3Ani8GH0PHpPEe/oYO+rVdbQjvjJkBRNQkX4t0r1iaeGn8+/ybkSLEan3/slM0t59SVdHzuHf2jmw==",
        "dependencies": {
          "System.Security.Principal.Windows": "5.0.0"
        }
      },
      "System.Security.Cryptography.Pkcs": {
        "type": "Transitive",
        "resolved": "8.0.1",
        "contentHash": "CoCRHFym33aUSf/NtWSVSZa99dkd0Hm7OCZUxORBjRB16LNhIEOf8THPqzIYlvKM0nNDAPTRBa1FxEECrgaxxA=="
      },
      "System.Security.Principal.Windows": {
        "type": "Transitive",
        "resolved": "5.0.0",
        "contentHash": "t0MGLukB5WAVU9bO3MGzvlGnyJPgUlcwerXn1kzBRjwLKixT96XV0Uza41W49gVd8zEMFu9vQEFlv0IOrytICA=="
      },
      "System.Threading.Tasks.Extensions": {
        "type": "Transitive",
        "resolved": "4.5.4",
        "contentHash": "zteT+G8xuGu6mS+mzDzYXbzS7rd3K6Fjb9RiZlYlJPam2/hU7JCBZBVEcywNuR+oZ1ncTvc/cq0faRr3P01OVg==",
        "dependencies": {
          "System.Runtime.CompilerServices.Unsafe": "4.5.3"
        }
      },
      "System.ValueTuple": {
        "type": "Transitive",
        "resolved": "4.5.0",
        "contentHash": "okurQJO6NRE/apDIP23ajJ0hpiNmJ+f0BwOlB/cSqTLQlw5upkf+5+96+iG2Jw40G1fCVCyPz/FhIABUjMR+RQ=="
      },
      "inkcanvas.controls": {
        "type": "Project",
        "dependencies": {
          "iNKORE.UI.WPF": "[1.2.8, )",
          "iNKORE.UI.WPF.Modern": "[0.10.2.1, )"
        }
      },
      "inkcanvas.pluginsdk": {
        "type": "Project",
        "dependencies": {
          "System.ValueTuple": "[4.5.0, )"
        }
      },
      "inkcanvas.pptagent.contracts": {
        "type": "Project"
      }
    },
    ".NETFramework,Version=v4.6.2/win-arm64": {
      "System.Runtime.InteropServices": {
        "type": "Direct",
        "requested": "[4.3.0, )",
        "resolved": "4.3.0",
        "contentHash": "uv1ynXqiMK8mp1GM3jDqPCFN66eJ5w5XNomaK2XD+TuCroNTLFGeZ+WCmBMcBDyTFKou3P6cR6J/QsaqDp7fGQ==",
        "dependencies": {
          "System.Runtime": "4.3.0",
          "runtime.any.System.Runtime.InteropServices": "4.3.0"
        }
      },
      "Microsoft.Win32.Registry": {
        "type": "Transitive",
        "resolved": "5.0.0",
        "contentHash": "dDoKi0PnDz31yAyETfRntsLArTlVAVzUzCIvvEDsDsucrl33Dl8pIJG06ePTJTI3tGpeyHS9Cq7Foc/s4EeKcg==",
        "dependencies": {
          "System.Security.AccessControl": "5.0.0",
          "System.Security.Principal.Windows": "5.0.0"
        }
      },
      "OpenCvSharp4.runtime.win.slim": {
        "type": "Transitive",
        "resolved": "4.13.0.20260627",
        "contentHash": "8A4slgE6f5uzX/HWn+AXRMisUOIAaLVfinj1yUTzq+c6b1qaPxPJ9jzW/fjLbZWe0dLjvfiyXcIdc4VK+2g4Dw=="
      },
      "runtime.any.System.Runtime": {
        "type": "Transitive",
        "resolved": "4.3.0",
        "contentHash": "fRS7zJgaG9NkifaAxGGclDDoRn9HC7hXACl52Or06a/fxdzDajWb5wov3c6a+gVSlekRoexfjwQSK9sh5um5LQ=="
      },
      "runtime.any.System.Runtime.InteropServices": {
        "type": "Transitive",
        "resolved": "4.3.0",
        "contentHash": "lBoFeQfxe/4eqjPi46E0LU/YaCMdNkQ8B4MZu/mkzdIAZh8RQ1NYZSj0egrQKdgdvlPFtP4STtob40r4o2DBAw=="
      },
      "System.Runtime": {
        "type": "Transitive",
        "resolved": "4.3.0",
        "contentHash": "JufQi0vPQ0xGnAczR13AUFglDyVYt4Kqnz1AZaiKZ5+GICq0/1MH/mO/eAJHt/mHW1zjKBJd7kV26SrxddAhiw==",
        "dependencies": {
          "runtime.any.System.Runtime": "4.3.0"
        }
      },
      "System.Security.AccessControl": {
        "type": "Transitive",
        "resolved": "5.0.0",
        "contentHash": "dagJ1mHZO3Ani8GH0PHpPEe/oYO+rVdbQjvjJkBRNQkX4t0r1iaeGn8+/ybkSLEan3/slM0t59SVdHzuHf2jmw==",
        "dependencies": {
          "System.Security.Principal.Windows": "5.0.0"
        }
      },
      "System.Security.Principal.Windows": {
        "type": "Transitive",
        "resolved": "5.0.0",
        "contentHash": "t0MGLukB5WAVU9bO3MGzvlGnyJPgUlcwerXn1kzBRjwLKixT96XV0Uza41W49gVd8zEMFu9vQEFlv0IOrytICA=="
      }
    },
    ".NETFramework,Version=v4.6.2/win-x64": {
      "System.Runtime.InteropServices": {
        "type": "Direct",
        "requested": "[4.3.0, )",
        "resolved": "4.3.0",
        "contentHash": "uv1ynXqiMK8mp1GM3jDqPCFN66eJ5w5XNomaK2XD+TuCroNTLFGeZ+WCmBMcBDyTFKou3P6cR6J/QsaqDp7fGQ==",
        "dependencies": {
          "System.Runtime": "4.3.0",
          "runtime.any.System.Runtime.InteropServices": "4.3.0"
        }
      },
      "Microsoft.Win32.Registry": {
        "type": "Transitive",
        "resolved": "5.0.0",
        "contentHash": "dDoKi0PnDz31yAyETfRntsLArTlVAVzUzCIvvEDsDsucrl33Dl8pIJG06ePTJTI3tGpeyHS9Cq7Foc/s4EeKcg==",
        "dependencies": {
          "System.Security.AccessControl": "5.0.0",
          "System.Security.Principal.Windows": "5.0.0"
        }
      },
      "OpenCvSharp4.runtime.win.slim": {
        "type": "Transitive",
        "resolved": "4.13.0.20260627",
        "contentHash": "8A4slgE6f5uzX/HWn+AXRMisUOIAaLVfinj1yUTzq+c6b1qaPxPJ9jzW/fjLbZWe0dLjvfiyXcIdc4VK+2g4Dw=="
      },
      "runtime.any.System.Runtime": {
        "type": "Transitive",
        "resolved": "4.3.0",
        "contentHash": "fRS7zJgaG9NkifaAxGGclDDoRn9HC7hXACl52Or06a/fxdzDajWb5wov3c6a+gVSlekRoexfjwQSK9sh5um5LQ=="
      },
      "runtime.any.System.Runtime.InteropServices": {
        "type": "Transitive",
        "resolved": "4.3.0",
        "contentHash": "lBoFeQfxe/4eqjPi46E0LU/YaCMdNkQ8B4MZu/mkzdIAZh8RQ1NYZSj0egrQKdgdvlPFtP4STtob40r4o2DBAw=="
      },
      "System.Runtime": {
        "type": "Transitive",
        "resolved": "4.3.0",
        "contentHash": "JufQi0vPQ0xGnAczR13AUFglDyVYt4Kqnz1AZaiKZ5+GICq0/1MH/mO/eAJHt/mHW1zjKBJd7kV26SrxddAhiw==",
        "dependencies": {
          "runtime.any.System.Runtime": "4.3.0"
        }
      },
      "System.Security.AccessControl": {
        "type": "Transitive",
        "resolved": "5.0.0",
        "contentHash": "dagJ1mHZO3Ani8GH0PHpPEe/oYO+rVdbQjvjJkBRNQkX4t0r1iaeGn8+/ybkSLEan3/slM0t59SVdHzuHf2jmw==",
        "dependencies": {
          "System.Security.Principal.Windows": "5.0.0"
        }
      },
      "System.Security.Principal.Windows": {
        "type": "Transitive",
        "resolved": "5.0.0",
        "contentHash": "t0MGLukB5WAVU9bO3MGzvlGnyJPgUlcwerXn1kzBRjwLKixT96XV0Uza41W49gVd8zEMFu9vQEFlv0IOrytICA=="
      }
    },
    ".NETFramework,Version=v4.6.2/win-x86": {
      "System.Runtime.InteropServices": {
        "type": "Direct",
        "requested": "[4.3.0, )",
        "resolved": "4.3.0",
        "contentHash": "uv1ynXqiMK8mp1GM3jDqPCFN66eJ5w5XNomaK2XD+TuCroNTLFGeZ+WCmBMcBDyTFKou3P6cR6J/QsaqDp7fGQ==",
        "dependencies": {
          "System.Runtime": "4.3.0",
          "runtime.any.System.Runtime.InteropServices": "4.3.0"
        }
      },
      "Microsoft.Win32.Registry": {
        "type": "Transitive",
        "resolved": "5.0.0",
        "contentHash": "dDoKi0PnDz31yAyETfRntsLArTlVAVzUzCIvvEDsDsucrl33Dl8pIJG06ePTJTI3tGpeyHS9Cq7Foc/s4EeKcg==",
        "dependencies": {
          "System.Security.AccessControl": "5.0.0",
          "System.Security.Principal.Windows": "5.0.0"
        }
      },
      "OpenCvSharp4.runtime.win.slim": {
        "type": "Transitive",
        "resolved": "4.13.0.20260627",
        "contentHash": "8A4slgE6f5uzX/HWn+AXRMisUOIAaLVfinj1yUTzq+c6b1qaPxPJ9jzW/fjLbZWe0dLjvfiyXcIdc4VK+2g4Dw=="
      },
      "runtime.any.System.Runtime": {
        "type": "Transitive",
        "resolved": "4.3.0",
        "contentHash": "fRS7zJgaG9NkifaAxGGclDDoRn9HC7hXACl52Or06a/fxdzDajWb5wov3c6a+gVSlekRoexfjwQSK9sh5um5LQ=="
      },
      "runtime.any.System.Runtime.InteropServices": {
        "type": "Transitive",
        "resolved": "4.3.0",
        "contentHash": "lBoFeQfxe/4eqjPi46E0LU/YaCMdNkQ8B4MZu/mkzdIAZh8RQ1NYZSj0egrQKdgdvlPFtP4STtob40r4o2DBAw=="
      },
      "System.Runtime": {
        "type": "Transitive",
        "resolved": "4.3.0",
        "contentHash": "JufQi0vPQ0xGnAczR13AUFglDyVYt4Kqnz1AZaiKZ5+GICq0/1MH/mO/eAJHt/mHW1zjKBJd7kV26SrxddAhiw==",
        "dependencies": {
          "runtime.any.System.Runtime": "4.3.0"
        }
      },
      "System.Security.AccessControl": {
        "type": "Transitive",
        "resolved": "5.0.0",
        "contentHash": "dagJ1mHZO3Ani8GH0PHpPEe/oYO+rVdbQjvjJkBRNQkX4t0r1iaeGn8+/ybkSLEan3/slM0t59SVdHzuHf2jmw==",
        "dependencies": {
          "System.Security.Principal.Windows": "5.0.0"
        }
      },
      "System.Security.Principal.Windows": {
        "type": "Transitive",
        "resolved": "5.0.0",
        "contentHash": "t0MGLukB5WAVU9bO3MGzvlGnyJPgUlcwerXn1kzBRjwLKixT96XV0Uza41W49gVd8zEMFu9vQEFlv0IOrytICA=="
      }
    }
  }
}